
Microsoft Visual Studio Solution File, Format Version 12.00
# Visual Studio Version 17
VisualStudioVersion = 17.13.35828.75 d17.13
MinimumVisualStudioVersion = 10.0.40219.1
Project("{FAE04EC0-301F-11D3-BF4B-00C04F79EFBC}") = "CapaDatos", "AppGimnasioPractica\CapaDatos.csproj", "{BAFB49A6-38F8-476D-8DB9-4A612368726C}"
EndProject
Project("{FAE04EC0-301F-11D3-BF4B-00C04F79EFBC}") = "CapaNegocios", "CapaNegocios\CapaNegocios.csproj", "{06230E4E-F1A5-430B-8507-3E30F3EDDA8F}"
EndProject
Project("{FAE04EC0-301F-11D3-BF4B-00C04F79EFBC}") = "CapaPresentacion", "CapaPresentacion\CapaPresentacion.csproj", "{945B4C76-1409-4E0B-A5F1-0C263A9E45AF}"
EndProject
Global
	GlobalSection(SolutionConfigurationPlatforms) = preSolution
		Debug|Any CPU = Debug|Any CPU
		Release|Any CPU = Release|Any CPU
	EndGlobalSection
	GlobalSection(ProjectConfigurationPlatforms) = postSolution
		{BAFB49A6-38F8-476D-8DB9-4A612368726C}.Debug|Any CPU.ActiveCfg = Debug|Any CPU
		{BAFB49A6-38F8-476D-8DB9-4A612368726C}.Debug|Any CPU.Build.0 = Debug|Any CPU
		{BAFB49A6-38F8-476D-8DB9-4A612368726C}.Release|Any CPU.ActiveCfg = Release|Any CPU
		{BAFB49A6-38F8-476D-8DB9-4A612368726C}.Release|Any CPU.Build.0 = Release|Any CPU
		{06230E4E-F1A5-430B-8507-3E30F3EDDA8F}.Debug|Any CPU.ActiveCfg = Debug|Any CPU
		{06230E4E-F1A5-430B-8507-3E30F3EDDA8F}.Debug|Any CPU.Build.0 = Debug|Any CPU
		{06230E4E-F1A5-430B-8507-3E30F3EDDA8F}.Release|Any CPU.ActiveCfg = Release|Any CPU
		{06230E4E-F1A5-430B-8507-3E30F3EDDA8F}.Release|Any CPU.Build.0 = Release|Any CPU
		{945B4C76-1409-4E0B-A5F1-0C263A9E45AF}.Debug|Any CPU.ActiveCfg = Debug|Any CPU
		{945B4C76-1409-4E0B-A5F1-0C263A9E45AF}.Debug|Any CPU.Build.0 = Debug|Any CPU
		{945B4C76-1409-4E0B-A5F1-0C263A9E45AF}.Release|Any CPU.ActiveCfg = Release|Any CPU
		{945B4C76-1409-4E0B-A5F1-0C263A9E45AF}.Release|Any CPU.Build.0 = Release|Any CPU
	EndGlobalSection
	GlobalSection(SolutionProperties) = preSolution
		HideSolutionNode = FALSE
	EndGlobalSection
	GlobalSection(ExtensibilityGlobals) = postSolution
		SolutionGuid = {920BE041-68F4-42E2-A558-B576952B500A}
	EndGlobalSection
EndGlobal
